Microsoft Visual Studio Solution File, Format Version 12.00
# Visual Studio Version 17
VisualStudioVersion = 17.5.2.0
MinimumVisualStudioVersion = 10.0.40219.1
Project("{FAE04EC0-301F-11D3-BF4B-00C04F79EFBC}") = "IntranetGCM", "IntranetGCM.csproj", "{D1795E60-F00B-46FA-4B31-7084CC8E3C41}"
EndProject
Global
	GlobalSection(SolutionConfigurationPlatforms) = preSolution
		Debug|Any CPU = Debug|Any CPU
		Release|Any CPU = Release|Any CPU
	EndGlobalSection
	GlobalSection(ProjectConfigurationPlatforms) = postSolution
		{D1795E60-F00B-46FA-4B31-7084CC8E3C41}.Debug|Any CPU.ActiveCfg = Debug|Any CPU
		{D1795E60-F00B-46FA-4B31-7084CC8E3C41}.Debug|Any CPU.Build.0 = Debug|Any CPU
		{D1795E60-F00B-46FA-4B31-7084CC8E3C41}.Release|Any CPU.ActiveCfg = Release|Any CPU
		{D1795E60-F00B-46FA-4B31-7084CC8E3C41}.Release|Any CPU.Build.0 = Release|Any CPU
	EndGlobalSection
	GlobalSection(SolutionProperties) = preSolution
		HideSolutionNode = FALSE
	EndGlobalSection
	GlobalSection(ExtensibilityGlobals) = postSolution
		SolutionGuid = {29352E56-E628-427C-97F3-DB02D8C7E4FD}
	EndGlobalSection
EndGlobal
